// !$*UTF8*$!
{
	archiveVersion = 1;
	classes = {
	};
	objectVersion = 50;
	objects = {

/* Begin PBXBuildFile section */
		BF0232512679888F00B9C0F4 /* CollectionTableViewCellViewModel.swift in Sources */ = {isa = PBXBuildFile; fileRef = BF0232502679888F00B9C0F4 /* CollectionTableViewCellViewModel.swift */; };
		BF0232532679890C00B9C0F4 /* TileCollectionViewCellModel.swift in Sources */ = {isa = PBXBuildFile; fileRef = BF0232522679890C00B9C0F4 /* TileCollectionViewCellModel.swift */; };
		BF10CEB523D373CA0091A18B /* Cocktails.swift in Sources */ = {isa = PBXBuildFile; fileRef = BF10CEB423D373CA0091A18B /* Cocktails.swift */; };
		BF10CEB823D3740B0091A18B /* URL+Helpers.swift in Sources */ = {isa = PBXBuildFile; fileRef = BF10CEB723D3740B0091A18B /* URL+Helpers.swift */; };
		BF10CEBA23D3824B0091A18B /* FavoritesViewController.swift in Sources */ = {isa = PBXBuildFile; fileRef = BF10CEB923D3824B0091A18B /* FavoritesViewController.swift */; };
		BF10CEBD23D4B6890091A18B /* SearchViewController.swift in Sources */ = {isa = PBXBuildFile; fileRef = BF10CEBC23D4B6890091A18B /* SearchViewController.swift */; };
		BF10CEC123D4BF710091A18B /* DrinkDetailsViewController.swift in Sources */ = {isa = PBXBuildFile; fileRef = BF10CEC023D4BF710091A18B /* DrinkDetailsViewController.swift */; };
		BF10CEC423D4C3120091A18B /* CocktailController.swift in Sources */ = {isa = PBXBuildFile; fileRef = BF10CEC323D4C3110091A18B /* CocktailController.swift */; };
		BF17ADE823D4FDED00B03A88 /* SearchResultsTableViewController.swift in Sources */ = {isa = PBXBuildFile; fileRef = BF17ADE723D4FDED00B03A88 /* SearchResultsTableViewController.swift */; };
		BF17ADEA23D5103100B03A88 /* Favorites.swift in Sources */ = {isa = PBXBuildFile; fileRef = BF17ADE923D5103100B03A88 /* Favorites.swift */; };
		BF17ADEC23D510D000B03A88 /* FavoritesTableViewController.swift in Sources */ = {isa = PBXBuildFile; fileRef = BF17ADEB23D510D000B03A88 /* FavoritesTableViewController.swift */; };
		BF1EE0C323D334A800DAD734 /* AppDelegate.swift in Sources */ = {isa = PBXBuildFile; fileRef = BF1EE0C223D334A800DAD734 /* AppDelegate.swift */; };
		BF1EE0C523D334A800DAD734 /* SceneDelegate.swift in Sources */ = {isa = PBXBuildFile; fileRef = BF1EE0C423D334A800DAD734 /* SceneDelegate.swift */; };
		BF1EE0CA23D334A800DAD734 /* Main.storyboard in Resources */ = {isa = PBXBuildFile; fileRef = BF1EE0C823D334A800DAD734 /* Main.storyboard */; };
		BF1EE0CC23D334AA00DAD734 /* Assets.xcassets in Resources */ = {isa = PBXBuildFile; fileRef = BF1EE0CB23D334AA00DAD734 /* Assets.xcassets */; };
		BF1EE0CF23D334AA00DAD734 /* LaunchScreen.storyboard in Resources */ = {isa = PBXBuildFile; fileRef = BF1EE0CD23D334AA00DAD734 /* LaunchScreen.storyboard */; };
		BF1EE0DA23D334AA00DAD734 /* iosFinalTests.swift in Sources */ = {isa = PBXBuildFile; fileRef = BF1EE0D923D334AA00DAD734 /* iosFinalTests.swift */; };
		BF1EE0E523D334AA00DAD734 /* iosFinalUITests.swift in Sources */ = {isa = PBXBuildFile; fileRef = BF1EE0E423D334AA00DAD734 /* iosFinalUITests.swift */; };
		BF2D6C22266F9BD4005D3B37 /* MapViewController.swift in Sources */ = {isa = PBXBuildFile; fileRef = BF2D6C21266F9BD4005D3B37 /* MapViewController.swift */; };
		BF2D6C25266FD9A6005D3B37 /* Landmark.swift in Sources */ = {isa = PBXBuildFile; fileRef = BF2D6C24266FD9A6005D3B37 /* Landmark.swift */; };
		BF2D6C27266FDB0A005D3B37 /* LandmarkAnnotation.swift in Sources */ = {isa = PBXBuildFile; fileRef = BF2D6C26266FDB0A005D3B37 /* LandmarkAnnotation.swift */; };
		BF2D6C29267981A6005D3B37 /* CollectionTableViewCell.swift in Sources */ = {isa = PBXBuildFile; fileRef = BF2D6C28267981A6005D3B37 /* CollectionTableViewCell.swift */; };
		BF2D6C2B267983CC005D3B37 /* TileCollectionViewCell.swift in Sources */ = {isa = PBXBuildFile; fileRef = BF2D6C2A267983CC005D3B37 /* TileCollectionViewCell.swift */; };
		BF7C8B9824FC09EB00A3F9A5 /* ImageExtension.swift in Sources */ = {isa = PBXBuildFile; fileRef = BF7C8B9724FC09EB00A3F9A5 /* ImageExtension.swift */; };
		BF7C8B9A24FC27C600A3F9A5 /* ArrayExtension.swift in Sources */ = {isa = PBXBuildFile; fileRef = BF7C8B9924FC27C600A3F9A5 /* ArrayExtension.swift */; };
/* End PBXBuildFile section */

/* Begin PBXContainerItemProxy section */
		BF1EE0D623D334AA00DAD734 /* PBXContainerItemProxy */ = {
			isa = PBXContainerItemProxy;
			containerPortal = BF1EE0B723D334A800DAD734 /* Project object */;
			proxyType = 1;
			remoteGlobalIDString = BF1EE0BE23D334A800DAD734;
			remoteInfo = iosFinal;
		};
		BF1EE0E123D334AA00DAD734 /* PBXContainerItemProxy */ = {
			isa = PBXContainerItemProxy;
			containerPortal = BF1EE0B723D334A800DAD734 /* Project object */;
			proxyType = 1;
			remoteGlobalIDString = BF1EE0BE23D334A800DAD734;
			remoteInfo = iosFinal;
		};
/* End PBXContainerItemProxy section */

/* Begin PBXFileReference section */
		BF0232502679888F00B9C0F4 /* CollectionTableViewCellViewModel.swift */ = {isa = PBXFileReference; lastKnownFileType = sourcecode.swift; path = CollectionTableViewCellViewModel.swift; sourceTree = "<group>"; };
		BF0232522679890C00B9C0F4 /* TileCollectionViewCellModel.swift */ = {isa = PBXFileReference; lastKnownFileType = sourcecode.swift; path = TileCollectionViewCellModel.swift; sourceTree = "<group>"; };
		BF10CEB423D373CA0091A18B /* Cocktails.swift */ = {isa = PBXFileReference; lastKnownFileType = sourcecode.swift; path = Cocktails.swift; sourceTree = "<group>"; };
		BF10CEB723D3740B0091A18B /* URL+Helpers.swift */ = {isa = PBXFileReference; lastKnownFileType = sourcecode.swift; path = "URL+Helpers.swift"; sourceTree = "<group>"; };
		BF10CEB923D3824B0091A18B /* FavoritesViewController.swift */ = {isa = PBXFileReference; lastKnownFileType = sourcecode.swift; path = FavoritesViewController.swift; sourceTree = "<group>"; };
		BF10CEBC23D4B6890091A18B /* SearchViewController.swift */ = {isa = PBXFileReference; lastKnownFileType = sourcecode.swift; path = SearchViewController.swift; sourceTree = "<group>"; };
		BF10CEC023D4BF710091A18B /* DrinkDetailsViewController.swift */ = {isa = PBXFileReference; lastKnownFileType = sourcecode.swift; path = DrinkDetailsViewController.swift; sourceTree = "<group>"; };
		BF10CEC323D4C3110091A18B /* CocktailController.swift */ = {isa = PBXFileReference; lastKnownFileType = sourcecode.swift; path = CocktailController.swift; sourceTree = "<group>"; };
		BF17ADE723D4FDED00B03A88 /* SearchResultsTableViewController.swift */ = {isa = PBXFileReference; lastKnownFileType = sourcecode.swift; name = SearchResultsTableViewController.swift; path = ../../SearchResultsTableViewController.swift; sourceTree = "<group>"; };
		BF17ADE923D5103100B03A88 /* Favorites.swift */ = {isa = PBXFileReference; lastKnownFileType = sourcecode.swift; path = Favorites.swift; sourceTree = "<group>"; };
		BF17ADEB23D510D000B03A88 /* FavoritesTableViewController.swift */ = {isa = PBXFileReference; lastKnownFileType = sourcecode.swift; path = FavoritesTableViewController.swift; sourceTree = "<group>"; };
		BF1EE0BF23D334A800DAD734 /* iosFinal.app */ = {isa = PBXFileReference; explicitFileType = wrapper.application; includeInIndex = 0; path = iosFinal.app; sourceTree = BUILT_PRODUCTS_DIR; };
		BF1EE0C223D334A800DAD734 /* AppDelegate.swift */ = {isa = PBXFileReference; lastKnownFileType = sourcecode.swift; path = AppDelegate.swift; sourceTree = "<group>"; };
		BF1EE0C423D334A800DAD734 /* SceneDelegate.swift */ = {isa = PBXFileReference; lastKnownFileType = sourcecode.swift; path = SceneDelegate.swift; sourceTree = "<group>"; };
		BF1EE0C923D334A800DAD734 /* Base */ = {isa = PBXFileReference; lastKnownFileType = file.storyboard; name = Base; path = Base.lproj/Main.storyboard; sourceTree = "<group>"; };
		BF1EE0CB23D334AA00DAD734 /* Assets.xcassets */ = {isa = PBXFileReference; lastKnownFileType = folder.assetcatalog; path = Assets.xcassets; sourceTree = "<group>"; };
		BF1EE0CE23D334AA00DAD734 /* Base */ = {isa = PBXFileReference; lastKnownFileType = file.storyboard; name = Base; path = Base.lproj/LaunchScreen.storyboard; sourceTree = "<group>"; };
		BF1EE0D023D334AA00DAD734 /* Info.plist */ = {isa = PBXFileReference; lastKnownFileType = text.plist.xml; path = Info.plist; sourceTree = "<group>"; };
		BF1EE0D523D334AA00DAD734 /* iosFinalTests.xctest */ = {isa = PBXFileReference; explicitFileType = wrapper.cfbundle; includeInIndex = 0; path = iosFinalTests.xctest; sourceTree = BUILT_PRODUCTS_DIR; };
		BF1EE0D923D334AA00DAD734 /* iosFinalTests.swift */ = {isa = PBXFileReference; lastKnownFileType = sourcecode.swift; path = iosFinalTests.swift; sourceTree = "<group>"; };
		BF1EE0DB23D334AA00DAD734 /* Info.plist */ = {isa = PBXFileReference; lastKnownFileType = text.plist.xml; path = Info.plist; sourceTree = "<group>"; };
		BF1EE0E023D334AA00DAD734 /* iosFinalUITests.xctest */ = {isa = PBXFileReference; explicitFileType = wrapper.cfbundle; includeInIndex = 0; path = iosFinalUITests.xctest; sourceTree = BUILT_PRODUCTS_DIR; };
		BF1EE0E423D334AA00DAD734 /* iosFinalUITests.swift */ = {isa = PBXFileReference; lastKnownFileType = sourcecode.swift; path = iosFinalUITests.swift; sourceTree = "<group>"; };
		BF1EE0E623D334AA00DAD734 /* Info.plist */ = {isa = PBXFileReference; lastKnownFileType = text.plist.xml; path = Info.plist; sourceTree = "<group>"; };
		BF2D6C21266F9BD4005D3B37 /* MapViewController.swift */ = {isa = PBXFileReference; lastKnownFileType = sourcecode.swift; path = MapViewController.swift; sourceTree = "<group>"; };
		BF2D6C23266FB691005D3B37 /* waypoint.gpx */ = {isa = PBXFileReference; lastKnownFileType = text.xml; path = waypoint.gpx; sourceTree = "<group>"; };
		BF2D6C24266FD9A6005D3B37 /* Landmark.swift */ = {isa = PBXFileReference; lastKnownFileType = sourcecode.swift; path = Landmark.swift; sourceTree = "<group>"; };
		BF2D6C26266FDB0A005D3B37 /* LandmarkAnnotation.swift */ = {isa = PBXFileReference; lastKnownFileType = sourcecode.swift; path = LandmarkAnnotation.swift; sourceTree = "<group>"; };
		BF2D6C28267981A6005D3B37 /* CollectionTableViewCell.swift */ = {isa = PBXFileReference; lastKnownFileType = sourcecode.swift; path = CollectionTableViewCell.swift; sourceTree = "<group>"; };
		BF2D6C2A267983CC005D3B37 /* TileCollectionViewCell.swift */ = {isa = PBXFileReference; lastKnownFileType = sourcecode.swift; path = TileCollectionViewCell.swift; sourceTree = "<group>"; };
		BF7C8B9724FC09EB00A3F9A5 /* ImageExtension.swift */ = {isa = PBXFileReference; lastKnownFileType = sourcecode.swift; path = ImageExtension.swift; sourceTree = "<group>"; };
		BF7C8B9924FC27C600A3F9A5 /* ArrayExtension.swift */ = {isa = PBXFileReference; lastKnownFileType = sourcecode.swift; path = ArrayExtension.swift; sourceTree = "<group>"; };
/* End PBXFileReference section */

/* Begin PBXFrameworksBuildPhase section */
		BF1EE0BC23D334A800DAD734 /* Frameworks */ = {
			isa = PBXFrameworksBuildPhase;
			buildActionMask = 2147483647;
			files = (
			);
			runOnlyForDeploymentPostprocessing = 0;
		};
		BF1EE0D223D334AA00DAD734 /* Frameworks */ = {
			isa = PBXFrameworksBuildPhase;
			buildActionMask = 2147483647;
			files = (
			);
			runOnlyForDeploymentPostprocessing = 0;
		};
		BF1EE0DD23D334AA00DAD734 /* Frameworks */ = {
			isa = PBXFrameworksBuildPhase;
			buildActionMask = 2147483647;
			files = (
			);
			runOnlyForDeploymentPostprocessing = 0;
		};
/* End PBXFrameworksBuildPhase section */

/* Begin PBXGroup section */
		BF10CEB323D373A30091A18B /* Models */ = {
			isa = PBXGroup;
			children = (
				BF10CEB423D373CA0091A18B /* Cocktails.swift */,
				BF17ADE923D5103100B03A88 /* Favorites.swift */,
				BF2D6C24266FD9A6005D3B37 /* Landmark.swift */,
				BF2D6C26266FDB0A005D3B37 /* LandmarkAnnotation.swift */,
				BF0232502679888F00B9C0F4 /* CollectionTableViewCellViewModel.swift */,
				BF0232522679890C00B9C0F4 /* TileCollectionViewCellModel.swift */,
			);
			path = Models;
			sourceTree = "<group>";
		};
		BF10CEB623D373F10091A18B /* Helpers */ = {
			isa = PBXGroup;
			children = (
				BF10CEB723D3740B0091A18B /* URL+Helpers.swift */,
			);
			path = Helpers;
			sourceTree = "<group>";
		};
		BF10CEBB23D4B6530091A18B /* ViewControllers */ = {
			isa = PBXGroup;
			children = (
				BF17ADE723D4FDED00B03A88 /* SearchResultsTableViewController.swift */,
				BF10CEB923D3824B0091A18B /* FavoritesViewController.swift */,
				BF10CEBC23D4B6890091A18B /* SearchViewController.swift */,
				BF10CEC023D4BF710091A18B /* DrinkDetailsViewController.swift */,
				BF17ADEB23D510D000B03A88 /* FavoritesTableViewController.swift */,
				BF2D6C21266F9BD4005D3B37 /* MapViewController.swift */,
			);
			path = ViewControllers;
			sourceTree = "<group>";
		};
		BF10CEC223D4C2FC0091A18B /* Controllers */ = {
			isa = PBXGroup;
			children = (
				BF10CEC323D4C3110091A18B /* CocktailController.swift */,
			);
			path = Controllers;
			sourceTree = "<group>";
		};
		BF1EE0B623D334A800DAD734 = {
			isa = PBXGroup;
			children = (
				BF2D6C23266FB691005D3B37 /* waypoint.gpx */,
				BF1EE0C123D334A800DAD734 /* iosFinal */,
				BF1EE0D823D334AA00DAD734 /* iosFinalTests */,
				BF1EE0E323D334AA00DAD734 /* iosFinalUITests */,
				BF1EE0C023D334A800DAD734 /* Products */,
			);
			sourceTree = "<group>";
		};
		BF1EE0C023D334A800DAD734 /* Products */ = {
			isa = PBXGroup;
			children = (
				BF1EE0BF23D334A800DAD734 /* iosFinal.app */,
				BF1EE0D523D334AA00DAD734 /* iosFinalTests.xctest */,
				BF1EE0E023D334AA00DAD734 /* iosFinalUITests.xctest */,
			);
			name = Products;
			sourceTree = "<group>";
		};
		BF1EE0C123D334A800DAD734 /* iosFinal */ = {
			isa = PBXGroup;
			children = (
				BF21ED5826CFD82400C6EE8A /* Classes */,
				BF7C8B9624FC098B00A3F9A5 /* Extensions */,
				BF10CEC223D4C2FC0091A18B /* Controllers */,
				BF10CEBB23D4B6530091A18B /* ViewControllers */,
				BF10CEB623D373F10091A18B /* Helpers */,
				BF10CEB323D373A30091A18B /* Models */,
				BF1EE0C223D334A800DAD734 /* AppDelegate.swift */,
				BF1EE0C423D334A800DAD734 /* SceneDelegate.swift */,
				BF1EE0C823D334A800DAD734 /* Main.storyboard */,
				BF1EE0CB23D334AA00DAD734 /* Assets.xcassets */,
				BF1EE0CD23D334AA00DAD734 /* LaunchScreen.storyboard */,
				BF1EE0D023D334AA00DAD734 /* Info.plist */,
			);
			path = iosFinal;
			sourceTree = "<group>";
		};
		BF1EE0D823D334AA00DAD734 /* iosFinalTests */ = {
			isa = PBXGroup;
			children = (
				BF1EE0D923D334AA00DAD734 /* iosFinalTests.swift */,
				BF1EE0DB23D334AA00DAD734 /* Info.plist */,
			);
			path = iosFinalTests;
			sourceTree = "<group>";
		};
		BF1EE0E323D334AA00DAD734 /* iosFinalUITests */ = {
			isa = PBXGroup;
			children = (
				BF1EE0E423D334AA00DAD734 /* iosFinalUITests.swift */,
				BF1EE0E623D334AA00DAD734 /* Info.plist */,
			);
			path = iosFinalUITests;
			sourceTree = "<group>";
		};
		BF21ED5826CFD82400C6EE8A /* Classes */ = {
			isa = PBXGroup;
			children = (
				BF2D6C2A267983CC005D3B37 /* TileCollectionViewCell.swift */,
				BF2D6C28267981A6005D3B37 /* CollectionTableViewCell.swift */,
			);
			path = Classes;
			sourceTree = "<group>";
		};
		BF7C8B9624FC098B00A3F9A5 /* Extensions */ = {
			isa = PBXGroup;
			children = (
				BF7C8B9724FC09EB00A3F9A5 /* ImageExtension.swift */,
				BF7C8B9924FC27C600A3F9A5 /* ArrayExtension.swift */,
			);
			path = Extensions;
			sourceTree = "<group>";
		};
/* End PBXGroup section */

/* Begin PBXNativeTarget section */
		BF1EE0BE23D334A800DAD734 /* iosFinal */ = {
			isa = PBXNativeTarget;
			buildConfigurationList = BF1EE0E923D334AA00DAD734 /* Build configuration list for PBXNativeTarget "iosFinal" */;
			buildPhases = (
				BF1EE0BB23D334A800DAD734 /* Sources */,
				BF1EE0BC23D334A800DAD734 /* Frameworks */,
				BF1EE0BD23D334A800DAD734 /* Resources */,
			);
			buildRules = (
			);
			dependencies = (
			);
			name = iosFinal;
			productName = iosFinal;
			productReference = BF1EE0BF23D334A800DAD734 /* iosFinal.app */;
			productType = "com.apple.product-type.application";
		};
		BF1EE0D423D334AA00DAD734 /* iosFinalTests */ = {
			isa = PBXNativeTarget;
			buildConfigurationList = BF1EE0EC23D334AA00DAD734 /* Build configuration list for PBXNativeTarget "iosFinalTests" */;
			buildPhases = (
				BF1EE0D123D334AA00DAD734 /* Sources */,
				BF1EE0D223D334AA00DAD734 /* Frameworks */,
				BF1EE0D323D334AA00DAD734 /* Resources */,
			);
			buildRules = (
			);
			dependencies = (
				BF1EE0D723D334AA00DAD734 /* PBXTargetDependency */,
			);
			name = iosFinalTests;
			productName = iosFinalTests;
			productReference = BF1EE0D523D334AA00DAD734 /* iosFinalTests.xctest */;
			productType = "com.apple.product-type.bundle.unit-test";
		};
		BF1EE0DF23D334AA00DAD734 /* iosFinalUITests */ = {
			isa = PBXNativeTarget;
			buildConfigurationList = BF1EE0EF23D334AA00DAD734 /* Build configuration list for PBXNativeTarget "iosFinalUITests" */;
			buildPhases = (
				BF1EE0DC23D334AA00DAD734 /* Sources */,
				BF1EE0DD23D334AA00DAD734 /* Frameworks */,
				BF1EE0DE23D334AA00DAD734 /* Resources */,
			);
			buildRules = (
			);
			dependencies = (
				BF1EE0E223D334AA00DAD734 /* PBXTargetDependency */,
			);
			name = iosFinalUITests;
			productName = iosFinalUITests;
			productReference = BF1EE0E023D334AA00DAD734 /* iosFinalUITests.xctest */;
			productType = "com.apple.product-type.bundle.ui-testing";
		};
/* End PBXNativeTarget section */

/* Begin PBXProject section */
		BF1EE0B723D334A800DAD734 /* Project object */ = {
			isa = PBXProject;
			attributes = {
				LastSwiftUpdateCheck = 1130;
				LastUpgradeCheck = 1130;
				ORGANIZATIONNAME = Vincent;
				TargetAttributes = {
					BF1EE0BE23D334A800DAD734 = {
						CreatedOnToolsVersion = 11.3.1;
					};
					BF1EE0D423D334AA00DAD734 = {
						CreatedOnToolsVersion = 11.3.1;
						TestTargetID = BF1EE0BE23D334A800DAD734;
					};
					BF1EE0DF23D334AA00DAD734 = {
						CreatedOnToolsVersion = 11.3.1;
						TestTargetID = BF1EE0BE23D334A800DAD734;
					};
				};
			};
			buildConfigurationList = BF1EE0BA23D334A800DAD734 /* Build configuration list for PBXProject "iosFinal" */;
			compatibilityVersion = "Xcode 9.3";
			developmentRegion = en;
			hasScannedForEncodings = 0;
			knownRegions = (
				en,
				Base,
			);
			mainGroup = BF1EE0B623D334A800DAD734;
			productRefGroup = BF1EE0C023D334A800DAD734 /* Products */;
			projectDirPath = "";
			projectRoot = "";
			targets = (
				BF1EE0BE23D334A800DAD734 /* iosFinal */,
				BF1EE0D423D334AA00DAD734 /* iosFinalTests */,
				BF1EE0DF23D334AA00DAD734 /* iosFinalUITests */,
			);
		};
/* End PBXProject section */

/* Begin PBXResourcesBuildPhase section */
		BF1EE0BD23D334A800DAD734 /* Resources */ = {
			isa = PBXResourcesBuildPhase;
			buildActionMask = 2147483647;
			files = (
				BF1EE0CF23D334AA00DAD734 /* LaunchScreen.storyboard in Resources */,
				BF1EE0CC23D334AA00DAD734 /* Assets.xcassets in Resources */,
				BF1EE0CA23D334A800DAD734 /* Main.storyboard in Resources */,
			);
			runOnlyForDeploymentPostprocessing = 0;
		};
		BF1EE0D323D334AA00DAD734 /* Resources */ = {
			isa = PBXResourcesBuildPhase;
			buildActionMask = 2147483647;
			files = (
			);
			runOnlyForDeploymentPostprocessing = 0;
		};
		BF1EE0DE23D334AA00DAD734 /* Resources */ = {
			isa = PBXResourcesBuildPhase;
			buildActionMask = 2147483647;
			files = (
			);
			runOnlyForDeploymentPostprocessing = 0;
		};
/* End PBXResourcesBuildPhase section */

/* Begin PBXSourcesBuildPhase section */
		BF1EE0BB23D334A800DAD734 /* Sources */ = {
			isa = PBXSourcesBuildPhase;
			buildActionMask = 2147483647;
			files = (
				BF10CEC123D4BF710091A18B /* DrinkDetailsViewController.swift in Sources */,
				BF10CEBD23D4B6890091A18B /* SearchViewController.swift in Sources */,
				BF7C8B9824FC09EB00A3F9A5 /* ImageExtension.swift in Sources */,
				BF10CEB823D3740B0091A18B /* URL+Helpers.swift in Sources */,
				BF17ADEA23D5103100B03A88 /* Favorites.swift in Sources */,
				BF1EE0C323D334A800DAD734 /* AppDelegate.swift in Sources */,
				BF17ADEC23D510D000B03A88 /* FavoritesTableViewController.swift in Sources */,
				BF1EE0C523D334A800DAD734 /* SceneDelegate.swift in Sources */,
				BF2D6C29267981A6005D3B37 /* CollectionTableViewCell.swift in Sources */,
				BF2D6C27266FDB0A005D3B37 /* LandmarkAnnotation.swift in Sources */,
				BF0232532679890C00B9C0F4 /* TileCollectionViewCellModel.swift in Sources */,
				BF0232512679888F00B9C0F4 /* CollectionTableViewCellViewModel.swift in Sources */,
				BF17ADE823D4FDED00B03A88 /* SearchResultsTableViewController.swift in Sources */,
				BF10CEBA23D3824B0091A18B /* FavoritesViewController.swift in Sources */,
				BF2D6C2B267983CC005D3B37 /* TileCollectionViewCell.swift in Sources */,
				BF10CEC423D4C3120091A18B /* CocktailController.swift in Sources */,
				BF10CEB523D373CA0091A18B /* Cocktails.swift in Sources */,
				BF7C8B9A24FC27C600A3F9A5 /* ArrayExtension.swift in Sources */,
				BF2D6C22266F9BD4005D3B37 /* MapViewController.swift in Sources */,
				BF2D6C25266FD9A6005D3B37 /* Landmark.swift in Sources */,
			);
			runOnlyForDeploymentPostprocessing = 0;
		};
		BF1EE0D123D334AA00DAD734 /* Sources */ = {
			isa = PBXSourcesBuildPhase;
			buildActionMask = 2147483647;
			files = (
				BF1EE0DA23D334AA00DAD734 /* iosFinalTests.swift in Sources */,
			);
			runOnlyForDeploymentPostprocessing = 0;
		};
		BF1EE0DC23D334AA00DAD734 /* Sources */ = {
			isa = PBXSourcesBuildPhase;
			buildActionMask = 2147483647;
			files = (
				BF1EE0E523D334AA00DAD734 /* iosFinalUITests.swift in Sources */,
			);
			runOnlyForDeploymentPostprocessing = 0;
		};
/* End PBXSourcesBuildPhase section */

/* Begin PBXTargetDependency section */
		BF1EE0D723D334AA00DAD734 /* PBXTargetDependency */ = {
			isa = PBXTargetDependency;
			target = BF1EE0BE23D334A800DAD734 /* iosFinal */;
			targetProxy = BF1EE0D623D334AA00DAD734 /* PBXContainerItemProxy */;
		};
		BF1EE0E223D334AA00DAD734 /* PBXTargetDependency */ = {
			isa = PBXTargetDependency;
			target = BF1EE0BE23D334A800DAD734 /* iosFinal */;
			targetProxy = BF1EE0E123D334AA00DAD734 /* PBXContainerItemProxy */;
		};
/* End PBXTargetDependency section */

/* Begin PBXVariantGroup section */
		BF1EE0C823D334A800DAD734 /* Main.storyboard */ = {
			isa = PBXVariantGroup;
			children = (
				BF1EE0C923D334A800DAD734 /* Base */,
			);
			name = Main.storyboard;
			sourceTree = "<group>";
		};
		BF1EE0CD23D334AA00DAD734 /* LaunchScreen.storyboard */ = {
			isa = PBXVariantGroup;
			children = (
				BF1EE0CE23D334AA00DAD734 /* Base */,
			);
			name = LaunchScreen.storyboard;
			sourceTree = "<group>";
		};
/* End PBXVariantGroup section */

/* Begin XCBuildConfiguration section */
		BF1EE0E723D334AA00DAD734 /* Debug */ = {
			isa = XCBuildConfiguration;
			buildSettings = {
				ALWAYS_SEARCH_USER_PATHS = NO;
				CLANG_ANALYZER_NONNULL = YES;
				CLANG_ANALYZER_NUMBER_OBJECT_CONVERSION = YES_AGGRESSIVE;
				CLANG_CXX_LANGUAGE_STANDARD = "gnu++14";
				CLANG_CXX_LIBRARY = "libc++";
				CLANG_ENABLE_MODULES = YES;
				CLANG_ENABLE_OBJC_ARC = YES;
				CLANG_ENABLE_OBJC_WEAK = YES;
				CLANG_WARN_BLOCK_CAPTURE_AUTORELEASING = YES;
				CLANG_WARN_BOOL_CONVERSION = YES;
				CLANG_WARN_COMMA = YES;
				CLANG_WARN_CONSTANT_CONVERSION = YES;
				CLANG_WARN_DEPRECATED_OBJC_IMPLEMENTATIONS = YES;
				CLANG_WARN_DIRECT_OBJC_ISA_USAGE = YES_ERROR;
				CLANG_WARN_DOCUMENTATION_COMMENTS = YES;
				CLANG_WARN_EMPTY_BODY = YES;
				CLANG_WARN_ENUM_CONVERSION = YES;
				CLANG_WARN_INFINITE_RECURSION = YES;
				CLANG_WARN_INT_CONVERSION = YES;
				CLANG_WARN_NON_LITERAL_NULL_CONVERSION = YES;
				CLANG_WARN_OBJC_IMPLICIT_RETAIN_SELF = YES;
				CLANG_WARN_OBJC_LITERAL_CONVERSION = YES;
				CLANG_WARN_OBJC_ROOT_CLASS = YES_ERROR;
				CLANG_WARN_RANGE_LOOP_ANALYSIS = YES;
				CLANG_WARN_STRICT_PROTOTYPES = YES;
				CLANG_WARN_SUSPICIOUS_MOVE = YES;
				CLANG_WARN_UNGUARDED_AVAILABILITY = YES_AGGRESSIVE;
				CLANG_WARN_UNREACHABLE_CODE = YES;
				CLANG_WARN__DUPLICATE_METHOD_MATCH = YES;
				COPY_PHASE_STRIP = NO;
				DEBUG_INFORMATION_FORMAT = dwarf;
				ENABLE_STRICT_OBJC_MSGSEND = YES;
				ENABLE_TESTABILITY = YES;
				GCC_C_LANGUAGE_STANDARD = gnu11;
				GCC_DYNAMIC_NO_PIC = NO;
				GCC_NO_COMMON_BLOCKS = YES;
				GCC_OPTIMIZATION_LEVEL = 0;
				GCC_PREPROCESSOR_DEFINITIONS = (
					"DEBUG=1",
					"$(inherited)",
				);
				GCC_WARN_64_TO_32_BIT_CONVERSION = YES;
				GCC_WARN_ABOUT_RETURN_TYPE = YES_ERROR;
				GCC_WARN_UNDECLARED_SELECTOR = YES;
				GCC_WARN_UNINITIALIZED_AUTOS = YES_AGGRESSIVE;
				GCC_WARN_UNUSED_FUNCTION = YES;
				GCC_WARN_UNUSED_VARIABLE = YES;
				IPHONEOS_DEPLOYMENT_TARGET = 13.2;
				MTL_ENABLE_DEBUG_INFO = INCLUDE_SOURCE;
				MTL_FAST_MATH = YES;
				ONLY_ACTIVE_ARCH = YES;
				SDKROOT = iphoneos;
				SWIFT_ACTIVE_COMPILATION_CONDITIONS = DEBUG;
				SWIFT_OPTIMIZATION_LEVEL = "-Onone";
			};
			name = Debug;
		};
		BF1EE0E823D334AA00DAD734 /* Release */ = {
			isa = XCBuildConfiguration;
			buildSettings = {
				ALWAYS_SEARCH_USER_PATHS = NO;
				CLANG_ANALYZER_NONNULL = YES;
				CLANG_ANALYZER_NUMBER_OBJECT_CONVERSION = YES_AGGRESSIVE;
				CLANG_CXX_LANGUAGE_STANDARD = "gnu++14";
				CLANG_CXX_LIBRARY = "libc++";
				CLANG_ENABLE_MODULES = YES;
				CLANG_ENABLE_OBJC_ARC = YES;
				CLANG_ENABLE_OBJC_WEAK = YES;
				CLANG_WARN_BLOCK_CAPTURE_AUTORELEASING = YES;
				CLANG_WARN_BOOL_CONVERSION = YES;
				CLANG_WARN_COMMA = YES;
				CLANG_WARN_CONSTANT_CONVERSION = YES;
				CLANG_WARN_DEPRECATED_OBJC_IMPLEMENTATIONS = YES;
				CLANG_WARN_DIRECT_OBJC_ISA_USAGE = YES_ERROR;
				CLANG_WARN_DOCUMENTATION_COMMENTS = YES;
				CLANG_WARN_EMPTY_BODY = YES;
				CLANG_WARN_ENUM_CONVERSION = YES;
				CLANG_WARN_INFINITE_RECURSION = YES;
				CLANG_WARN_INT_CONVERSION = YES;
				CLANG_WARN_NON_LITERAL_NULL_CONVERSION = YES;
				CLANG_WARN_OBJC_IMPLICIT_RETAIN_SELF = YES;
				CLANG_WARN_OBJC_LITERAL_CONVERSION = YES;
				CLANG_WARN_OBJC_ROOT_CLASS = YES_ERROR;
				CLANG_WARN_RANGE_LOOP_ANALYSIS = YES;
				CLANG_WARN_STRICT_PROTOTYPES = YES;
				CLANG_WARN_SUSPICIOUS_MOVE = YES;
				CLANG_WARN_UNGUARDED_AVAILABILITY = YES_AGGRESSIVE;
				CLANG_WARN_UNREACHABLE_CODE = YES;
				CLANG_WARN__DUPLICATE_METHOD_MATCH = YES;
				COPY_PHASE_STRIP = NO;
				DEBUG_INFORMATION_FORMAT = "dwarf-with-dsym";
				ENABLE_NS_ASSERTIONS = NO;
				ENABLE_STRICT_OBJC_MSGSEND = YES;
				GCC_C_LANGUAGE_STANDARD = gnu11;
				GCC_NO_COMMON_BLOCKS = YES;
				GCC_WARN_64_TO_32_BIT_CONVERSION = YES;
				GCC_WARN_ABOUT_RETURN_TYPE = YES_ERROR;
				GCC_WARN_UNDECLARED_SELECTOR = YES;
				GCC_WARN_UNINITIALIZED_AUTOS = YES_AGGRESSIVE;
				GCC_WARN_UNUSED_FUNCTION = YES;
				GCC_WARN_UNUSED_VARIABLE = YES;
				IPHONEOS_DEPLOYMENT_TARGET = 13.2;
				MTL_ENABLE_DEBUG_INFO = NO;
				MTL_FAST_MATH = YES;
				SDKROOT = iphoneos;
				SWIFT_COMPILATION_MODE = wholemodule;
				SWIFT_OPTIMIZATION_LEVEL = "-O";
				VALIDATE_PRODUCT = YES;
			};
			name = Release;
		};
		BF1EE0EA23D334AA00DAD734 /* Debug */ = {
			isa = XCBuildConfiguration;
			buildSettings = {
				ASSETCATALOG_COMPILER_APPICON_NAME = AppIcon;
				CODE_SIGN_STYLE = Automatic;
				DEVELOPMENT_TEAM = D6T36Z7DZ5;
				INFOPLIST_FILE = iosFinal/Info.plist;
				LD_RUNPATH_SEARCH_PATHS = (
					"$(inherited)",
					"@executable_path/Frameworks",
				);
				PRODUCT_BUNDLE_IDENTIFIER = com.example.iosFinal;
				PRODUCT_NAME = "$(TARGET_NAME)";
				SWIFT_VERSION = 5.0;
				TARGETED_DEVICE_FAMILY = "1,2";
			};
			name = Debug;
		};
		BF1EE0EB23D334AA00DAD734 /* Release */ = {
			isa = XCBuildConfiguration;
			buildSettings = {
				ASSETCATALOG_COMPILER_APPICON_NAME = AppIcon;
				CODE_SIGN_STYLE = Automatic;
				DEVELOPMENT_TEAM = D6T36Z7DZ5;
				INFOPLIST_FILE = iosFinal/Info.plist;
				LD_RUNPATH_SEARCH_PATHS = (
					"$(inherited)",
					"@executable_path/Frameworks",
				);
				PRODUCT_BUNDLE_IDENTIFIER = com.example.iosFinal;
				PRODUCT_NAME = "$(TARGET_NAME)";
				SWIFT_VERSION = 5.0;
				TARGETED_DEVICE_FAMILY = "1,2";
			};
			name = Release;
		};
		BF1EE0ED23D334AA00DAD734 /* Debug */ = {
			isa = XCBuildConfiguration;
			buildSettings = {
				ALWAYS_EMBED_SWIFT_STANDARD_LIBRARIES = YES;
				BUNDLE_LOADER = "$(TEST_HOST)";
				CODE_SIGN_STYLE = Automatic;
				DEVELOPMENT_TEAM = D6T36Z7DZ5;
				INFOPLIST_FILE = iosFinalTests/Info.plist;
				IPHONEOS_DEPLOYMENT_TARGET = 13.2;
				LD_RUNPATH_SEARCH_PATHS = (
					"$(inherited)",
					"@executable_path/Frameworks",
					"@loader_path/Frameworks",
				);
				PRODUCT_BUNDLE_IDENTIFIER = com.example.iosFinalTests;
				PRODUCT_NAME = "$(TARGET_NAME)";
				SWIFT_VERSION = 5.0;
				TARGETED_DEVICE_FAMILY = "1,2";
				TEST_HOST = "$(BUILT_PRODUCTS_DIR)/iosFinal.app/iosFinal";
			};
			name = Debug;
		};
		BF1EE0EE23D334AA00DAD734 /* Release */ = {
			isa = XCBuildConfiguration;
			buildSettings = {
				ALWAYS_EMBED_SWIFT_STANDARD_LIBRARIES = YES;
				BUNDLE_LOADER = "$(TEST_HOST)";
				CODE_SIGN_STYLE = Automatic;
				DEVELOPMENT_TEAM = D6T36Z7DZ5;
				INFOPLIST_FILE = iosFinalTests/Info.plist;
				IPHONEOS_DEPLOYMENT_TARGET = 13.2;
				LD_RUNPATH_SEARCH_PATHS = (
					"$(inherited)",
					"@executable_path/Frameworks",
					"@loader_path/Frameworks",
				);
				PRODUCT_BUNDLE_IDENTIFIER = com.example.iosFinalTests;
				PRODUCT_NAME = "$(TARGET_NAME)";
				SWIFT_VERSION = 5.0;
				TARGETED_DEVICE_FAMILY = "1,2";
				TEST_HOST = "$(BUILT_PRODUCTS_DIR)/iosFinal.app/iosFinal";
			};
			name = Release;
		};
		BF1EE0F023D334AA00DAD734 /* Debug */ = {
			isa = XCBuildConfiguration;
			buildSettings = {
				ALWAYS_EMBED_SWIFT_STANDARD_LIBRARIES = YES;
				CODE_SIGN_STYLE = Automatic;
				DEVELOPMENT_TEAM = D6T36Z7DZ5;
				INFOPLIST_FILE = iosFinalUITests/Info.plist;
				LD_RUNPATH_SEARCH_PATHS = (
					"$(inherited)",
					"@executable_path/Frameworks",
					"@loader_path/Frameworks",
				);
				PRODUCT_BUNDLE_IDENTIFIER = com.example.iosFinalUITests;
				PRODUCT_NAME = "$(TARGET_NAME)";
				SWIFT_VERSION = 5.0;
				TARGETED_DEVICE_FAMILY = "1,2";
				TEST_TARGET_NAME = iosFinal;
			};
			name = Debug;
		};
		BF1EE0F123D334AA00DAD734 /* Release */ = {
			isa = XCBuildConfiguration;
			buildSettings = {
				ALWAYS_EMBED_SWIFT_STANDARD_LIBRARIES = YES;
				CODE_SIGN_STYLE = Automatic;
				DEVELOPMENT_TEAM = D6T36Z7DZ5;
				INFOPLIST_FILE = iosFinalUITests/Info.plist;
				LD_RUNPATH_SEARCH_PATHS = (
					"$(inherited)",
					"@executable_path/Frameworks",
					"@loader_path/Frameworks",
				);
				PRODUCT_BUNDLE_IDENTIFIER = com.example.iosFinalUITests;
				PRODUCT_NAME = "$(TARGET_NAME)";
				SWIFT_VERSION = 5.0;
				TARGETED_DEVICE_FAMILY = "1,2";
				TEST_TARGET_NAME = iosFinal;
			};
			name = Release;
		};
/* End XCBuildConfiguration section */

/* Begin XCConfigurationList section */
		BF1EE0BA23D334A800DAD734 /* Build configuration list for PBXProject "iosFinal" */ = {
			isa = XCConfigurationList;
			buildConfigurations = (
				BF1EE0E723D334AA00DAD734 /* Debug */,
				BF1EE0E823D334AA00DAD734 /* Release */,
			);
			defaultConfigurationIsVisible = 0;
			defaultConfigurationName = Release;
		};
		BF1EE0E923D334AA00DAD734 /* Build configuration list for PBXNativeTarget "iosFinal" */ = {
			isa = XCConfigurationList;
			buildConfigurations = (
				BF1EE0EA23D334AA00DAD734 /* Debug */,
				BF1EE0EB23D334AA00DAD734 /* Release */,
			);
			defaultConfigurationIsVisible = 0;
			defaultConfigurationName = Release;
		};
		BF1EE0EC23D334AA00DAD734 /* Build configuration list for PBXNativeTarget "iosFinalTests" */ = {
			isa = XCConfigurationList;
			buildConfigurations = (
				BF1EE0ED23D334AA00DAD734 /* Debug */,
				BF1EE0EE23D334AA00DAD734 /* Release */,
			);
			defaultConfigurationIsVisible = 0;
			defaultConfigurationName = Release;
		};
		BF1EE0EF23D334AA00DAD734 /* Build configuration list for PBXNativeTarget "iosFinalUITests" */ = {
			isa = XCConfigurationList;
			buildConfigurations = (
				BF1EE0F023D334AA00DAD734 /* Debug */,
				BF1EE0F123D334AA00DAD734 /* Release */,
			);
			defaultConfigurationIsVisible = 0;
			defaultConfigurationName = Release;
		};
/* End XCConfigurationList section */
	};
	rootObject = BF1EE0B723D334A800DAD734 /* Project object */;
}
